// !$*UTF8*$!
{
	archiveVersion = 1;
	classes = {
	};
	objectVersion = 46;
	objects = {

/* Begin PBXBuildFile section */
		1A88B51DD270F632E5FF43A6 /* libPods-Squashmag.a in Frameworks */ = {isa = PBXBuildFile; fileRef = 4F9E66A5E0D44EFB9CEAF36C /* libPods-Squashmag.a */; };
		ED1A51261D019F8500D301B4 /* HexColors.m in Sources */ = {isa = PBXBuildFile; fileRef = ED1A51251D019F8500D301B4 /* HexColors.m */; };
		ED1A51281D01D68A00D301B4 /* RemoteConfig.plist in Resources */ = {isa = PBXBuildFile; fileRef = ED1A51271D01D68A00D301B4 /* RemoteConfig.plist */; };
		ED1A51441D01F46E00D301B4 /* NotoSans-Bold.ttf in Resources */ = {isa = PBXBuildFile; fileRef = ED1A51421D01F46E00D301B4 /* NotoSans-Bold.ttf */; };
		ED1A51451D01F46E00D301B4 /* NotoSans-Regular.ttf in Resources */ = {isa = PBXBuildFile; fileRef = ED1A51431D01F46E00D301B4 /* NotoSans-Regular.ttf */; };
		ED1A51481D01F47F00D301B4 /* NotoSerif-Bold.ttf in Resources */ = {isa = PBXBuildFile; fileRef = ED1A51461D01F47F00D301B4 /* NotoSerif-Bold.ttf */; };
		ED1A51491D01F47F00D301B4 /* NotoSerif-Regular.ttf in Resources */ = {isa = PBXBuildFile; fileRef = ED1A51471D01F47F00D301B4 /* NotoSerif-Regular.ttf */; };
		ED2C6BBF1CFD64B20019C4D3 /* main.m in Sources */ = {isa = PBXBuildFile; fileRef = ED2C6BBE1CFD64B20019C4D3 /* main.m */; };
		ED2C6BC21CFD64B20019C4D3 /* AppDelegate.m in Sources */ = {isa = PBXBuildFile; fileRef = ED2C6BC11CFD64B20019C4D3 /* AppDelegate.m */; };
		ED2C6BC51CFD64B20019C4D3 /* ViewController.m in Sources */ = {isa = PBXBuildFile; fileRef = ED2C6BC41CFD64B20019C4D3 /* ViewController.m */; };
		ED2C6BC81CFD64B20019C4D3 /* Main.storyboard in Resources */ = {isa = PBXBuildFile; fileRef = ED2C6BC61CFD64B20019C4D3 /* Main.storyboard */; };
		ED2C6BCB1CFD64B20019C4D3 /* Squashmag.xcdatamodeld in Sources */ = {isa = PBXBuildFile; fileRef = ED2C6BC91CFD64B20019C4D3 /* Squashmag.xcdatamodeld */; };
		ED2C6BCD1CFD64B20019C4D3 /* Assets.xcassets in Resources */ = {isa = PBXBuildFile; fileRef = ED2C6BCC1CFD64B20019C4D3 /* Assets.xcassets */; };
		ED2C6BD01CFD64B20019C4D3 /* LaunchScreen.storyboard in Resources */ = {isa = PBXBuildFile; fileRef = ED2C6BCE1CFD64B20019C4D3 /* LaunchScreen.storyboard */; };
		ED2C6BDC1CFD73310019C4D3 /* SQFirebaseHelper.m in Sources */ = {isa = PBXBuildFile; fileRef = ED2C6BDB1CFD73310019C4D3 /* SQFirebaseHelper.m */; };
		ED2C6BDE1CFD78900019C4D3 /* 1.jpg in Resources */ = {isa = PBXBuildFile; fileRef = ED2C6BDD1CFD78900019C4D3 /* 1.jpg */; };
		ED2C6BE01CFD9E940019C4D3 /* 2.jpg in Resources */ = {isa = PBXBuildFile; fileRef = ED2C6BDF1CFD9E940019C4D3 /* 2.jpg */; };
		ED2C6BE21CFD9EB60019C4D3 /* 3.jpg in Resources */ = {isa = PBXBuildFile; fileRef = ED2C6BE11CFD9EB60019C4D3 /* 3.jpg */; };
		ED2C6BE41CFD9EC80019C4D3 /* 4.jpg in Resources */ = {isa = PBXBuildFile; fileRef = ED2C6BE31CFD9EC80019C4D3 /* 4.jpg */; };
		ED2C6BE61CFD9ED60019C4D3 /* 5.jpg in Resources */ = {isa = PBXBuildFile; fileRef = ED2C6BE51CFD9ED60019C4D3 /* 5.jpg */; };
		ED2C6BE81CFD9EE40019C4D3 /* 6.jpg in Resources */ = {isa = PBXBuildFile; fileRef = ED2C6BE71CFD9EE40019C4D3 /* 6.jpg */; };
		ED2C6BEA1CFD9EF50019C4D3 /* 7.jpg in Resources */ = {isa = PBXBuildFile; fileRef = ED2C6BE91CFD9EF50019C4D3 /* 7.jpg */; };
		ED2C6BEC1CFD9F060019C4D3 /* 8.jpg in Resources */ = {isa = PBXBuildFile; fileRef = ED2C6BEB1CFD9F060019C4D3 /* 8.jpg */; };
		ED2C6BEE1CFD9F140019C4D3 /* 9.jpg in Resources */ = {isa = PBXBuildFile; fileRef = ED2C6BED1CFD9F140019C4D3 /* 9.jpg */; };
		ED2C6BF01CFD9F390019C4D3 /* 11.jpg in Resources */ = {isa = PBXBuildFile; fileRef = ED2C6BEF1CFD9F390019C4D3 /* 11.jpg */; };
		ED2C6BF21CFD9F4E0019C4D3 /* 10.jpg in Resources */ = {isa = PBXBuildFile; fileRef = ED2C6BF11CFD9F4E0019C4D3 /* 10.jpg */; };
		ED2C6BF61CFD9F820019C4D3 /* 13.jpg in Resources */ = {isa = PBXBuildFile; fileRef = ED2C6BF51CFD9F820019C4D3 /* 13.jpg */; };
		ED2C6BF81CFD9F950019C4D3 /* 12.jpg in Resources */ = {isa = PBXBuildFile; fileRef = ED2C6BF71CFD9F950019C4D3 /* 12.jpg */; };
		ED335BA11CFEE54D00859D03 /* GoogleService-Info.plist in Resources */ = {isa = PBXBuildFile; fileRef = ED335BA01CFEE54D00859D03 /* GoogleService-Info.plist */; };
		ED335BB31CFF1C9200859D03 /* Article+CoreDataProperties.m in Sources */ = {isa = PBXBuildFile; fileRef = ED335BB01CFF1C9200859D03 /* Article+CoreDataProperties.m */; };
		ED335BB41CFF1C9200859D03 /* Article.m in Sources */ = {isa = PBXBuildFile; fileRef = ED335BB21CFF1C9200859D03 /* Article.m */; };
		EDC245C81D02F5D400EB5FFD /* dummy.jpg in Resources */ = {isa = PBXBuildFile; fileRef = EDC245C71D02F5D400EB5FFD /* dummy.jpg */; };
		EDD10C001D005E0200CE49F4 /* YSLCardView.m in Sources */ = {isa = PBXBuildFile; fileRef = EDD10BFB1D005E0200CE49F4 /* YSLCardView.m */; };
		EDD10C011D005E0200CE49F4 /* YSLDraggableCardContainer.m in Sources */ = {isa = PBXBuildFile; fileRef = EDD10BFD1D005E0200CE49F4 /* YSLDraggableCardContainer.m */; };
		EDD10C021D005E0200CE49F4 /* CardView.m in Sources */ = {isa = PBXBuildFile; fileRef = EDD10BFF1D005E0200CE49F4 /* CardView.m */; };
		EDF492131D0431C300F457DE /* SQSettingsViewController.m in Sources */ = {isa = PBXBuildFile; fileRef = EDF492121D0431C300F457DE /* SQSettingsViewController.m */; };
		EDF492171D05673A00F457DE /* SQExternalLinkViewController.m in Sources */ = {isa = PBXBuildFile; fileRef = EDF492161D05673A00F457DE /* SQExternalLinkViewController.m */; };
		EDF4921E1D05C9DC00F457DE /* SQAddNewViewController.m in Sources */ = {isa = PBXBuildFile; fileRef = EDF4921D1D05C9DC00F457DE /* SQAddNewViewController.m */; };
/* End PBXBuildFile section */

/* Begin PBXFileReference section */
		1EA1291661083596A0591CA2 /* Pods-Squashmag.debug.xcconfig */ = {isa = PBXFileReference; includeInIndex = 1; lastKnownFileType = text.xcconfig; name = "Pods-Squashmag.debug.xcconfig"; path = "Pods/Target Support Files/Pods-Squashmag/Pods-Squashmag.debug.xcconfig"; sourceTree = "<group>"; };
		4F9E66A5E0D44EFB9CEAF36C /* libPods-Squashmag.a */ = {isa = PBXFileReference; explicitFileType = archive.ar; includeInIndex = 0; path = "libPods-Squashmag.a"; sourceTree = BUILT_PRODUCTS_DIR; };
		E9D06FAD66DA51EFB5B63871 /* Pods-Squashmag.release.xcconfig */ = {isa = PBXFileReference; includeInIndex = 1; lastKnownFileType = text.xcconfig; name = "Pods-Squashmag.release.xcconfig"; path = "Pods/Target Support Files/Pods-Squashmag/Pods-Squashmag.release.xcconfig"; sourceTree = "<group>"; };
		ED1A51241D019F8500D301B4 /* HexColors.h */ = {isa = PBXFileReference; fileEncoding = 4; lastKnownFileType = sourcecode.c.h; path = HexColors.h; sourceTree = "<group>"; };
		ED1A51251D019F8500D301B4 /* HexColors.m */ = {isa = PBXFileReference; fileEncoding = 4; lastKnownFileType = sourcecode.c.objc; path = HexColors.m; sourceTree = "<group>"; };
		ED1A51271D01D68A00D301B4 /* RemoteConfig.plist */ = {isa = PBXFileReference; fileEncoding = 4; lastKnownFileType = text.plist.xml; path = RemoteConfig.plist; sourceTree = "<group>"; };
		ED1A51421D01F46E00D301B4 /* NotoSans-Bold.ttf */ = {isa = PBXFileReference; lastKnownFileType = file; path = "NotoSans-Bold.ttf"; sourceTree = "<group>"; };
		ED1A51431D01F46E00D301B4 /* NotoSans-Regular.ttf */ = {isa = PBXFileReference; lastKnownFileType = file; path = "NotoSans-Regular.ttf"; sourceTree = "<group>"; };
		ED1A51461D01F47F00D301B4 /* NotoSerif-Bold.ttf */ = {isa = PBXFileReference; lastKnownFileType = file; path = "NotoSerif-Bold.ttf"; sourceTree = "<group>"; };
		ED1A51471D01F47F00D301B4 /* NotoSerif-Regular.ttf */ = {isa = PBXFileReference; lastKnownFileType = file; path = "NotoSerif-Regular.ttf"; sourceTree = "<group>"; };
		ED2C6BBA1CFD64B20019C4D3 /* Squashmag.app */ = {isa = PBXFileReference; explicitFileType = wrapper.application; includeInIndex = 0; path = Squashmag.app; sourceTree = BUILT_PRODUCTS_DIR; };
		ED2C6BBE1CFD64B20019C4D3 /* main.m */ = {isa = PBXFileReference; lastKnownFileType = sourcecode.c.objc; path = main.m; sourceTree = "<group>"; };
		ED2C6BC01CFD64B20019C4D3 /* AppDelegate.h */ = {isa = PBXFileReference; lastKnownFileType = sourcecode.c.h; path = AppDelegate.h; sourceTree = "<group>"; };
		ED2C6BC11CFD64B20019C4D3 /* AppDelegate.m */ = {isa = PBXFileReference; lastKnownFileType = sourcecode.c.objc; path = AppDelegate.m; sourceTree = "<group>"; };
		ED2C6BC31CFD64B20019C4D3 /* ViewController.h */ = {isa = PBXFileReference; lastKnownFileType = sourcecode.c.h; path = ViewController.h; sourceTree = "<group>"; };
		ED2C6BC41CFD64B20019C4D3 /* ViewController.m */ = {isa = PBXFileReference; lastKnownFileType = sourcecode.c.objc; path = ViewController.m; sourceTree = "<group>"; };
		ED2C6BC71CFD64B20019C4D3 /* Base */ = {isa = PBXFileReference; lastKnownFileType = file.storyboard; name = Base; path = Base.lproj/Main.storyboard; sourceTree = "<group>"; };
		ED2C6BCA1CFD64B20019C4D3 /* Squashmag.xcdatamodel */ = {isa = PBXFileReference; lastKnownFileType = wrapper.xcdatamodel; path = Squashmag.xcdatamodel; sourceTree = "<group>"; };
		ED2C6BCC1CFD64B20019C4D3 /* Assets.xcassets */ = {isa = PBXFileReference; lastKnownFileType = folder.assetcatalog; path = Assets.xcassets; sourceTree = "<group>"; };
		ED2C6BCF1CFD64B20019C4D3 /* Base */ = {isa = PBXFileReference; lastKnownFileType = file.storyboard; name = Base; path = Base.lproj/LaunchScreen.storyboard; sourceTree = "<group>"; };
		ED2C6BD11CFD64B20019C4D3 /* Info.plist */ = {isa = PBXFileReference; lastKnownFileType = text.plist.xml; path = Info.plist; sourceTree = "<group>"; };
		ED2C6BDA1CFD73310019C4D3 /* SQFirebaseHelper.h */ = {isa = PBXFileReference; fileEncoding = 4; lastKnownFileType = sourcecode.c.h; path = SQFirebaseHelper.h; sourceTree = "<group>"; };
		ED2C6BDB1CFD73310019C4D3 /* SQFirebaseHelper.m */ = {isa = PBXFileReference; fileEncoding = 4; lastKnownFileType = sourcecode.c.objc; path = SQFirebaseHelper.m; sourceTree = "<group>"; };
		ED2C6BDD1CFD78900019C4D3 /* 1.jpg */ = {isa = PBXFileReference; lastKnownFileType = image.jpeg; path = 1.jpg; sourceTree = "<group>"; };
		ED2C6BDF1CFD9E940019C4D3 /* 2.jpg */ = {isa = PBXFileReference; lastKnownFileType = image.jpeg; path = 2.jpg; sourceTree = "<group>"; };
		ED2C6BE11CFD9EB60019C4D3 /* 3.jpg */ = {isa = PBXFileReference; lastKnownFileType = image.jpeg; path = 3.jpg; sourceTree = "<group>"; };
		ED2C6BE31CFD9EC80019C4D3 /* 4.jpg */ = {isa = PBXFileReference; lastKnownFileType = image.jpeg; path = 4.jpg; sourceTree = "<group>"; };
		ED2C6BE51CFD9ED60019C4D3 /* 5.jpg */ = {isa = PBXFileReference; lastKnownFileType = image.jpeg; path = 5.jpg; sourceTree = "<group>"; };
		ED2C6BE71CFD9EE40019C4D3 /* 6.jpg */ = {isa = PBXFileReference; lastKnownFileType = image.jpeg; path = 6.jpg; sourceTree = "<group>"; };
		ED2C6BE91CFD9EF50019C4D3 /* 7.jpg */ = {isa = PBXFileReference; lastKnownFileType = image.jpeg; path = 7.jpg; sourceTree = "<group>"; };
		ED2C6BEB1CFD9F060019C4D3 /* 8.jpg */ = {isa = PBXFileReference; lastKnownFileType = image.jpeg; path = 8.jpg; sourceTree = "<group>"; };
		ED2C6BED1CFD9F140019C4D3 /* 9.jpg */ = {isa = PBXFileReference; lastKnownFileType = image.jpeg; path = 9.jpg; sourceTree = "<group>"; };
		ED2C6BEF1CFD9F390019C4D3 /* 11.jpg */ = {isa = PBXFileReference; lastKnownFileType = image.jpeg; path = 11.jpg; sourceTree = "<group>"; };
		ED2C6BF11CFD9F4E0019C4D3 /* 10.jpg */ = {isa = PBXFileReference; lastKnownFileType = image.jpeg; path = 10.jpg; sourceTree = "<group>"; };
		ED2C6BF51CFD9F820019C4D3 /* 13.jpg */ = {isa = PBXFileReference; lastKnownFileType = image.jpeg; path = 13.jpg; sourceTree = "<group>"; };
		ED2C6BF71CFD9F950019C4D3 /* 12.jpg */ = {isa = PBXFileReference; lastKnownFileType = image.jpeg; path = 12.jpg; sourceTree = "<group>"; };
		ED335BA01CFEE54D00859D03 /* GoogleService-Info.plist */ = {isa = PBXFileReference; fileEncoding = 4; lastKnownFileType = text.plist.xml; path = "GoogleService-Info.plist"; sourceTree = "<group>"; };
		ED335BAF1CFF1C9200859D03 /* Article+CoreDataProperties.h */ = {isa = PBXFileReference; fileEncoding = 4; lastKnownFileType = sourcecode.c.h; path = "Article+CoreDataProperties.h"; sourceTree = "<group>"; };
		ED335BB01CFF1C9200859D03 /* Article+CoreDataProperties.m */ = {isa = PBXFileReference; fileEncoding = 4; lastKnownFileType = sourcecode.c.objc; path = "Article+CoreDataProperties.m"; sourceTree = "<group>"; };
		ED335BB11CFF1C9200859D03 /* Article.h */ = {isa = PBXFileReference; fileEncoding = 4; lastKnownFileType = sourcecode.c.h; path = Article.h; sourceTree = "<group>"; };
		ED335BB21CFF1C9200859D03 /* Article.m */ = {isa = PBXFileReference; fileEncoding = 4; lastKnownFileType = sourcecode.c.objc; path = Article.m; sourceTree = "<group>"; };
		EDC245C71D02F5D400EB5FFD /* dummy.jpg */ = {isa = PBXFileReference; lastKnownFileType = image.jpeg; path = dummy.jpg; sourceTree = "<group>"; };
		EDD10BFA1D005E0200CE49F4 /* YSLCardView.h */ = {isa = PBXFileReference; fileEncoding = 4; lastKnownFileType = sourcecode.c.h; path = YSLCardView.h; sourceTree = "<group>"; };
		EDD10BFB1D005E0200CE49F4 /* YSLCardView.m */ = {isa = PBXFileReference; fileEncoding = 4; lastKnownFileType = sourcecode.c.objc; path = YSLCardView.m; sourceTree = "<group>"; };
		EDD10BFC1D005E0200CE49F4 /* YSLDraggableCardContainer.h */ = {isa = PBXFileReference; fileEncoding = 4; lastKnownFileType = sourcecode.c.h; path = YSLDraggableCardContainer.h; sourceTree = "<group>"; };
		EDD10BFD1D005E0200CE49F4 /* YSLDraggableCardContainer.m */ = {isa = PBXFileReference; fileEncoding = 4; lastKnownFileType = sourcecode.c.objc; path = YSLDraggableCardContainer.m; sourceTree = "<group>"; };
		EDD10BFE1D005E0200CE49F4 /* CardView.h */ = {isa = PBXFileReference; fileEncoding = 4; lastKnownFileType = sourcecode.c.h; path = CardView.h; sourceTree = "<group>"; };
		EDD10BFF1D005E0200CE49F4 /* CardView.m */ = {isa = PBXFileReference; fileEncoding = 4; lastKnownFileType = sourcecode.c.objc; path = CardView.m; sourceTree = "<group>"; };
		EDF492111D0431C300F457DE /* SQSettingsViewController.h */ = {isa = PBXFileReference; fileEncoding = 4; lastKnownFileType = sourcecode.c.h; path = SQSettingsViewController.h; sourceTree = "<group>"; };
		EDF492121D0431C300F457DE /* SQSettingsViewController.m */ = {isa = PBXFileReference; fileEncoding = 4; lastKnownFileType = sourcecode.c.objc; path = SQSettingsViewController.m; sourceTree = "<group>"; };
		EDF492151D05673A00F457DE /* SQExternalLinkViewController.h */ = {isa = PBXFileReference; fileEncoding = 4; lastKnownFileType = sourcecode.c.h; path = SQExternalLinkViewController.h; sourceTree = "<group>"; };
		EDF492161D05673A00F457DE /* SQExternalLinkViewController.m */ = {isa = PBXFileReference; fileEncoding = 4; lastKnownFileType = sourcecode.c.objc; path = SQExternalLinkViewController.m; sourceTree = "<group>"; };
		EDF4921C1D05C9DC00F457DE /* SQAddNewViewController.h */ = {isa = PBXFileReference; fileEncoding = 4; lastKnownFileType = sourcecode.c.h; path = SQAddNewViewController.h; sourceTree = "<group>"; };
		EDF4921D1D05C9DC00F457DE /* SQAddNewViewController.m */ = {isa = PBXFileReference; fileEncoding = 4; lastKnownFileType = sourcecode.c.objc; path = SQAddNewViewController.m; sourceTree = "<group>"; };
/* End PBXFileReference section */

/* Begin PBXFrameworksBuildPhase section */
		ED2C6BB71CFD64B20019C4D3 /* Frameworks */ = {
			isa = PBXFrameworksBuildPhase;
			buildActionMask = 2147483647;
			files = (
				1A88B51DD270F632E5FF43A6 /* libPods-Squashmag.a in Frameworks */,
			);
			runOnlyForDeploymentPostprocessing = 0;
		};
/* End PBXFrameworksBuildPhase section */

/* Begin PBXGroup section */
		565E2A7B94283885EE1E9530 /* Frameworks */ = {
			isa = PBXGroup;
			children = (
				4F9E66A5E0D44EFB9CEAF36C /* libPods-Squashmag.a */,
			);
			name = Frameworks;
			sourceTree = "<group>";
		};
		647451D5E2722482E2AFCAD9 /* Pods */ = {
			isa = PBXGroup;
			children = (
				1EA1291661083596A0591CA2 /* Pods-Squashmag.debug.xcconfig */,
				E9D06FAD66DA51EFB5B63871 /* Pods-Squashmag.release.xcconfig */,
			);
			name = Pods;
			sourceTree = "<group>";
		};
		ED1A51231D019F6F00D301B4 /* HexColors */ = {
			isa = PBXGroup;
			children = (
				ED1A51241D019F8500D301B4 /* HexColors.h */,
				ED1A51251D019F8500D301B4 /* HexColors.m */,
			);
			name = HexColors;
			sourceTree = "<group>";
		};
		ED1A51291D01F45000D301B4 /* Fonts */ = {
			isa = PBXGroup;
			children = (
				ED1A51421D01F46E00D301B4 /* NotoSans-Bold.ttf */,
				ED1A51431D01F46E00D301B4 /* NotoSans-Regular.ttf */,
				ED1A51461D01F47F00D301B4 /* NotoSerif-Bold.ttf */,
				ED1A51471D01F47F00D301B4 /* NotoSerif-Regular.ttf */,
			);
			name = Fonts;
			sourceTree = "<group>";
		};
		ED2C6BB11CFD64B20019C4D3 = {
			isa = PBXGroup;
			children = (
				ED2C6BBC1CFD64B20019C4D3 /* Squashmag */,
				ED2C6BBB1CFD64B20019C4D3 /* Products */,
				647451D5E2722482E2AFCAD9 /* Pods */,
				565E2A7B94283885EE1E9530 /* Frameworks */,
			);
			sourceTree = "<group>";
		};
		ED2C6BBB1CFD64B20019C4D3 /* Products */ = {
			isa = PBXGroup;
			children = (
				ED2C6BBA1CFD64B20019C4D3 /* Squashmag.app */,
			);
			name = Products;
			sourceTree = "<group>";
		};
		ED2C6BBC1CFD64B20019C4D3 /* Squashmag */ = {
			isa = PBXGroup;
			children = (
				EDF4921B1D05C9CD00F457DE /* AddNew */,
				EDF492141D0564BA00F457DE /* ExternalWebView */,
				EDF4920F1D042A8800F457DE /* Channels */,
				EDF491FE1D0428DC00F457DE /* Settings */,
				ED1A51291D01F45000D301B4 /* Fonts */,
				ED1A51231D019F6F00D301B4 /* HexColors */,
				ED335BB51CFF1CC400859D03 /* Core Data Helper */,
				ED335BA21CFEF05000859D03 /* CardView */,
				ED2C6BD91CFD72820019C4D3 /* Modal */,
				ED2C6BC01CFD64B20019C4D3 /* AppDelegate.h */,
				ED2C6BC11CFD64B20019C4D3 /* AppDelegate.m */,
				ED2C6BC31CFD64B20019C4D3 /* ViewController.h */,
				ED2C6BC41CFD64B20019C4D3 /* ViewController.m */,
				ED2C6BC61CFD64B20019C4D3 /* Main.storyboard */,
				ED2C6BCC1CFD64B20019C4D3 /* Assets.xcassets */,
				ED2C6BCE1CFD64B20019C4D3 /* LaunchScreen.storyboard */,
				ED2C6BD11CFD64B20019C4D3 /* Info.plist */,
				ED335BA01CFEE54D00859D03 /* GoogleService-Info.plist */,
				ED1A51271D01D68A00D301B4 /* RemoteConfig.plist */,
				ED2C6BC91CFD64B20019C4D3 /* Squashmag.xcdatamodeld */,
				EDC245C71D02F5D400EB5FFD /* dummy.jpg */,
				ED2C6BDD1CFD78900019C4D3 /* 1.jpg */,
				ED2C6BDF1CFD9E940019C4D3 /* 2.jpg */,
				ED2C6BE11CFD9EB60019C4D3 /* 3.jpg */,
				ED2C6BE31CFD9EC80019C4D3 /* 4.jpg */,
				ED2C6BE51CFD9ED60019C4D3 /* 5.jpg */,
				ED2C6BE71CFD9EE40019C4D3 /* 6.jpg */,
				ED2C6BE91CFD9EF50019C4D3 /* 7.jpg */,
				ED2C6BEB1CFD9F060019C4D3 /* 8.jpg */,
				ED2C6BED1CFD9F140019C4D3 /* 9.jpg */,
				ED2C6BF11CFD9F4E0019C4D3 /* 10.jpg */,
				ED2C6BEF1CFD9F390019C4D3 /* 11.jpg */,
				ED2C6BF51CFD9F820019C4D3 /* 13.jpg */,
				ED2C6BF71CFD9F950019C4D3 /* 12.jpg */,
				ED2C6BBD1CFD64B20019C4D3 /* Supporting Files */,
			);
			path = Squashmag;
			sourceTree = "<group>";
		};
		ED2C6BBD1CFD64B20019C4D3 /* Supporting Files */ = {
			isa = PBXGroup;
			children = (
				ED2C6BBE1CFD64B20019C4D3 /* main.m */,
			);
			name = "Supporting Files";
			sourceTree = "<group>";
		};
		ED2C6BD91CFD72820019C4D3 /* Modal */ = {
			isa = PBXGroup;
			children = (
				ED2C6BDA1CFD73310019C4D3 /* SQFirebaseHelper.h */,
				ED2C6BDB1CFD73310019C4D3 /* SQFirebaseHelper.m */,
			);
			name = Modal;
			sourceTree = "<group>";
		};
		ED335BA21CFEF05000859D03 /* CardView */ = {
			isa = PBXGroup;
			children = (
				EDD10BFA1D005E0200CE49F4 /* YSLCardView.h */,
				EDD10BFB1D005E0200CE49F4 /* YSLCardView.m */,
				EDD10BFC1D005E0200CE49F4 /* YSLDraggableCardContainer.h */,
				EDD10BFD1D005E0200CE49F4 /* YSLDraggableCardContainer.m */,
				EDD10BFE1D005E0200CE49F4 /* CardView.h */,
				EDD10BFF1D005E0200CE49F4 /* CardView.m */,
			);
			name = CardView;
			sourceTree = "<group>";
		};
		ED335BB51CFF1CC400859D03 /* Core Data Helper */ = {
			isa = PBXGroup;
			children = (
				ED335BAF1CFF1C9200859D03 /* Article+CoreDataProperties.h */,
				ED335BB01CFF1C9200859D03 /* Article+CoreDataProperties.m */,
				ED335BB11CFF1C9200859D03 /* Article.h */,
				ED335BB21CFF1C9200859D03 /* Article.m */,
			);
			name = "Core Data Helper";
			sourceTree = "<group>";
		};
		EDF491FE1D0428DC00F457DE /* Settings */ = {
			isa = PBXGroup;
			children = (
				EDF492111D0431C300F457DE /* SQSettingsViewController.h */,
				EDF492121D0431C300F457DE /* SQSettingsViewController.m */,
			);
			name = Settings;
			sourceTree = "<group>";
		};
		EDF4920F1D042A8800F457DE /* Channels */ = {
			isa = PBXGroup;
			children = (
			);
			name = Channels;
			sourceTree = "<group>";
		};
		EDF492141D0564BA00F457DE /* ExternalWebView */ = {
			isa = PBXGroup;
			children = (
				EDF492151D05673A00F457DE /* SQExternalLinkViewController.h */,
				EDF492161D05673A00F457DE /* SQExternalLinkViewController.m */,
			);
			name = ExternalWebView;
			sourceTree = "<group>";
		};
		EDF4921B1D05C9CD00F457DE /* AddNew */ = {
			isa = PBXGroup;
			children = (
				EDF4921C1D05C9DC00F457DE /* SQAddNewViewController.h */,
				EDF4921D1D05C9DC00F457DE /* SQAddNewViewController.m */,
			);
			name = AddNew;
			sourceTree = "<group>";
		};
/* End PBXGroup section */

/* Begin PBXNativeTarget section */
		ED2C6BB91CFD64B20019C4D3 /* Squashmag */ = {
			isa = PBXNativeTarget;
			buildConfigurationList = ED2C6BD41CFD64B20019C4D3 /* Build configuration list for PBXNativeTarget "Squashmag" */;
			buildPhases = (
				95822210CA80D898D6FFD027 /* 📦 Check Pods Manifest.lock */,
				ED2C6BB61CFD64B20019C4D3 /* Sources */,
				ED2C6BB71CFD64B20019C4D3 /* Frameworks */,
				ED2C6BB81CFD64B20019C4D3 /* Resources */,
				C2E6688A295F99E09A741F50 /* 📦 Embed Pods Frameworks */,
				252B81899A5E4E2526401081 /* 📦 Copy Pods Resources */,
			);
			buildRules = (
			);
			dependencies = (
			);
			name = Squashmag;
			productName = Squashmag;
			productReference = ED2C6BBA1CFD64B20019C4D3 /* Squashmag.app */;
			productType = "com.apple.product-type.application";
		};
/* End PBXNativeTarget section */

/* Begin PBXProject section */
		ED2C6BB21CFD64B20019C4D3 /* Project object */ = {
			isa = PBXProject;
			attributes = {
				CLASSPREFIX = SQ;
				LastUpgradeCheck = 0730;
				ORGANIZATIONNAME = "Abbin Varghese";
				TargetAttributes = {
					ED2C6BB91CFD64B20019C4D3 = {
						CreatedOnToolsVersion = 7.3;
					};
				};
			};
			buildConfigurationList = ED2C6BB51CFD64B20019C4D3 /* Build configuration list for PBXProject "Squashmag" */;
			compatibilityVersion = "Xcode 3.2";
			developmentRegion = English;
			hasScannedForEncodings = 0;
			knownRegions = (
				en,
				Base,
			);
			mainGroup = ED2C6BB11CFD64B20019C4D3;
			productRefGroup = ED2C6BBB1CFD64B20019C4D3 /* Products */;
			projectDirPath = "";
			projectRoot = "";
			targets = (
				ED2C6BB91CFD64B20019C4D3 /* Squashmag */,
			);
		};
/* End PBXProject section */

/* Begin PBXResourcesBuildPhase section */
		ED2C6BB81CFD64B20019C4D3 /* Resources */ = {
			isa = PBXResourcesBuildPhase;
			buildActionMask = 2147483647;
			files = (
				ED1A51491D01F47F00D301B4 /* NotoSerif-Regular.ttf in Resources */,
				ED1A51441D01F46E00D301B4 /* NotoSans-Bold.ttf in Resources */,
				ED2C6BF81CFD9F950019C4D3 /* 12.jpg in Resources */,
				ED1A51451D01F46E00D301B4 /* NotoSans-Regular.ttf in Resources */,
				ED2C6BEE1CFD9F140019C4D3 /* 9.jpg in Resources */,
				ED2C6BEC1CFD9F060019C4D3 /* 8.jpg in Resources */,
				ED2C6BEA1CFD9EF50019C4D3 /* 7.jpg in Resources */,
				EDC245C81D02F5D400EB5FFD /* dummy.jpg in Resources */,
				ED2C6BE41CFD9EC80019C4D3 /* 4.jpg in Resources */,
				ED2C6BE01CFD9E940019C4D3 /* 2.jpg in Resources */,
				ED2C6BF61CFD9F820019C4D3 /* 13.jpg in Resources */,
				ED1A51481D01F47F00D301B4 /* NotoSerif-Bold.ttf in Resources */,
				ED2C6BF01CFD9F390019C4D3 /* 11.jpg in Resources */,
				ED2C6BD01CFD64B20019C4D3 /* LaunchScreen.storyboard in Resources */,
				ED2C6BE61CFD9ED60019C4D3 /* 5.jpg in Resources */,
				ED2C6BE81CFD9EE40019C4D3 /* 6.jpg in Resources */,
				ED2C6BF21CFD9F4E0019C4D3 /* 10.jpg in Resources */,
				ED1A51281D01D68A00D301B4 /* RemoteConfig.plist in Resources */,
				ED335BA11CFEE54D00859D03 /* GoogleService-Info.plist in Resources */,
				ED2C6BCD1CFD64B20019C4D3 /* Assets.xcassets in Resources */,
				ED2C6BC81CFD64B20019C4D3 /* Main.storyboard in Resources */,
				ED2C6BE21CFD9EB60019C4D3 /* 3.jpg in Resources */,
				ED2C6BDE1CFD78900019C4D3 /* 1.jpg in Resources */,
			);
			runOnlyForDeploymentPostprocessing = 0;
		};
/* End PBXResourcesBuildPhase section */

/* Begin PBXShellScriptBuildPhase section */
		252B81899A5E4E2526401081 /* 📦 Copy Pods Resources */ = {
			isa = PBXShellScriptBuildPhase;
			buildActionMask = 2147483647;
			files = (
			);
			inputPaths = (
			);
			name = "📦 Copy Pods Resources";
			outputPaths = (
			);
			runOnlyForDeploymentPostprocessing = 0;
			shellPath = /bin/sh;
			shellScript = "\"${SRCROOT}/Pods/Target Support Files/Pods-Squashmag/Pods-Squashmag-resources.sh\"\n";
			showEnvVarsInLog = 0;
		};
		95822210CA80D898D6FFD027 /* 📦 Check Pods Manifest.lock */ = {
			isa = PBXShellScriptBuildPhase;
			buildActionMask = 2147483647;
			files = (
			);
			inputPaths = (
			);
			name = "📦 Check Pods Manifest.lock";
			outputPaths = (
			);
			runOnlyForDeploymentPostprocessing = 0;
			shellPath = /bin/sh;
			shellScript = "diff \"${PODS_ROOT}/../Podfile.lock\" \"${PODS_ROOT}/Manifest.lock\" > /dev/null\nif [[ $? != 0 ]] ; then\n    cat << EOM\nerror: The sandbox is not in sync with the Podfile.lock. Run 'pod install' or update your CocoaPods installation.\nEOM\n    exit 1\nfi\n";
			showEnvVarsInLog = 0;
		};
		C2E6688A295F99E09A741F50 /* 📦 Embed Pods Frameworks */ = {
			isa = PBXShellScriptBuildPhase;
			buildActionMask = 2147483647;
			files = (
			);
			inputPaths = (
			);
			name = "📦 Embed Pods Frameworks";
			outputPaths = (
			);
			runOnlyForDeploymentPostprocessing = 0;
			shellPath = /bin/sh;
			shellScript = "\"${SRCROOT}/Pods/Target Support Files/Pods-Squashmag/Pods-Squashmag-frameworks.sh\"\n";
			showEnvVarsInLog = 0;
		};
/* End PBXShellScriptBuildPhase section */

/* Begin PBXSourcesBuildPhase section */
		ED2C6BB61CFD64B20019C4D3 /* Sources */ = {
			isa = PBXSourcesBuildPhase;
			buildActionMask = 2147483647;
			files = (
				ED2C6BDC1CFD73310019C4D3 /* SQFirebaseHelper.m in Sources */,
				ED335BB41CFF1C9200859D03 /* Article.m in Sources */,
				EDD10C021D005E0200CE49F4 /* CardView.m in Sources */,
				ED1A51261D019F8500D301B4 /* HexColors.m in Sources */,
				ED2C6BCB1CFD64B20019C4D3 /* Squashmag.xcdatamodeld in Sources */,
				ED2C6BC51CFD64B20019C4D3 /* ViewController.m in Sources */,
				EDF492171D05673A00F457DE /* SQExternalLinkViewController.m in Sources */,
				ED2C6BC21CFD64B20019C4D3 /* AppDelegate.m in Sources */,
				EDD10C001D005E0200CE49F4 /* YSLCardView.m in Sources */,
				EDF4921E1D05C9DC00F457DE /* SQAddNewViewController.m in Sources */,
				EDD10C011D005E0200CE49F4 /* YSLDraggableCardContainer.m in Sources */,
				EDF492131D0431C300F457DE /* SQSettingsViewController.m in Sources */,
				ED335BB31CFF1C9200859D03 /* Article+CoreDataProperties.m in Sources */,
				ED2C6BBF1CFD64B20019C4D3 /* main.m in Sources */,
			);
			runOnlyForDeploymentPostprocessing = 0;
		};
/* End PBXSourcesBuildPhase section */

/* Begin PBXVariantGroup section */
		ED2C6BC61CFD64B20019C4D3 /* Main.storyboard */ = {
			isa = PBXVariantGroup;
			children = (
				ED2C6BC71CFD64B20019C4D3 /* Base */,
			);
			name = Main.storyboard;
			sourceTree = "<group>";
		};
		ED2C6BCE1CFD64B20019C4D3 /* LaunchScreen.storyboard */ = {
			isa = PBXVariantGroup;
			children = (
				ED2C6BCF1CFD64B20019C4D3 /* Base */,
			);
			name = LaunchScreen.storyboard;
			sourceTree = "<group>";
		};
/* End PBXVariantGroup section */

/* Begin XCBuildConfiguration section */
		ED2C6BD21CFD64B20019C4D3 /* Debug */ = {
			isa = XCBuildConfiguration;
			buildSettings = {
				ALWAYS_SEARCH_USER_PATHS = NO;
				CLANG_ANALYZER_NONNULL = YES;
				CLANG_CXX_LANGUAGE_STANDARD = "gnu++0x";
				CLANG_CXX_LIBRARY = "libc++";
				CLANG_ENABLE_MODULES = YES;
				CLANG_ENABLE_OBJC_ARC = YES;
				CLANG_WARN_BOOL_CONVERSION = YES;
				CLANG_WARN_CONSTANT_CONVERSION = YES;
				CLANG_WARN_DIRECT_OBJC_ISA_USAGE = YES_ERROR;
				CLANG_WARN_EMPTY_BODY = YES;
				CLANG_WARN_ENUM_CONVERSION = YES;
				CLANG_WARN_INT_CONVERSION = YES;
				CLANG_WARN_OBJC_ROOT_CLASS = YES_ERROR;
				CLANG_WARN_UNREACHABLE_CODE = YES;
				CLANG_WARN__DUPLICATE_METHOD_MATCH = YES;
				"CODE_SIGN_IDENTITY[sdk=iphoneos*]" = "iPhone Developer";
				COPY_PHASE_STRIP = NO;
				DEBUG_INFORMATION_FORMAT = dwarf;
				ENABLE_STRICT_OBJC_MSGSEND = YES;
				ENABLE_TESTABILITY = YES;
				GCC_C_LANGUAGE_STANDARD = gnu99;
				GCC_DYNAMIC_NO_PIC = NO;
				GCC_NO_COMMON_BLOCKS = YES;
				GCC_OPTIMIZATION_LEVEL = 0;
				GCC_PREPROCESSOR_DEFINITIONS = (
					"DEBUG=1",
					"$(inherited)",
				);
				GCC_WARN_64_TO_32_BIT_CONVERSION = YES;
				GCC_WARN_ABOUT_RETURN_TYPE = YES_ERROR;
				GCC_WARN_UNDECLARED_SELECTOR = YES;
				GCC_WARN_UNINITIALIZED_AUTOS = YES_AGGRESSIVE;
				GCC_WARN_UNUSED_FUNCTION = YES;
				GCC_WARN_UNUSED_VARIABLE = YES;
				IPHONEOS_DEPLOYMENT_TARGET = 9.3;
				MTL_ENABLE_DEBUG_INFO = YES;
				ONLY_ACTIVE_ARCH = YES;
				SDKROOT = iphoneos;
			};
			name = Debug;
		};
		ED2C6BD31CFD64B20019C4D3 /* Release */ = {
			isa = XCBuildConfiguration;
			buildSettings = {
				ALWAYS_SEARCH_USER_PATHS = NO;
				CLANG_ANALYZER_NONNULL = YES;
				CLANG_CXX_LANGUAGE_STANDARD = "gnu++0x";
				CLANG_CXX_LIBRARY = "libc++";
				CLANG_ENABLE_MODULES = YES;
				CLANG_ENABLE_OBJC_ARC = YES;
				CLANG_WARN_BOOL_CONVERSION = YES;
				CLANG_WARN_CONSTANT_CONVERSION = YES;
				CLANG_WARN_DIRECT_OBJC_ISA_USAGE = YES_ERROR;
				CLANG_WARN_EMPTY_BODY = YES;
				CLANG_WARN_ENUM_CONVERSION = YES;
				CLANG_WARN_INT_CONVERSION = YES;
				CLANG_WARN_OBJC_ROOT_CLASS = YES_ERROR;
				CLANG_WARN_UNREACHABLE_CODE = YES;
				CLANG_WARN__DUPLICATE_METHOD_MATCH = YES;
				"CODE_SIGN_IDENTITY[sdk=iphoneos*]" = "iPhone Developer";
				COPY_PHASE_STRIP = NO;
				DEBUG_INFORMATION_FORMAT = "dwarf-with-dsym";
				ENABLE_NS_ASSERTIONS = NO;
				ENABLE_STRICT_OBJC_MSGSEND = YES;
				GCC_C_LANGUAGE_STANDARD = gnu99;
				GCC_NO_COMMON_BLOCKS = YES;
				GCC_WARN_64_TO_32_BIT_CONVERSION = YES;
				GCC_WARN_ABOUT_RETURN_TYPE = YES_ERROR;
				GCC_WARN_UNDECLARED_SELECTOR = YES;
				GCC_WARN_UNINITIALIZED_AUTOS = YES_AGGRESSIVE;
				GCC_WARN_UNUSED_FUNCTION = YES;
				GCC_WARN_UNUSED_VARIABLE = YES;
				IPHONEOS_DEPLOYMENT_TARGET = 9.3;
				MTL_ENABLE_DEBUG_INFO = NO;
				SDKROOT = iphoneos;
				VALIDATE_PRODUCT = YES;
			};
			name = Release;
		};
		ED2C6BD51CFD64B20019C4D3 /* Debug */ = {
			isa = XCBuildConfiguration;
			baseConfigurationReference = 1EA1291661083596A0591CA2 /* Pods-Squashmag.debug.xcconfig */;
			buildSettings = {
				ASSETCATALOG_COMPILER_APPICON_NAME = AppIcon;
				INFOPLIST_FILE = Squashmag/Info.plist;
				IPHONEOS_DEPLOYMENT_TARGET = 9.0;
				LD_RUNPATH_SEARCH_PATHS = "$(inherited) @executable_path/Frameworks";
				PRODUCT_BUNDLE_IDENTIFIER = ThePaadamCompany.Squashmag;
				PRODUCT_NAME = "$(TARGET_NAME)";
				TARGETED_DEVICE_FAMILY = 1;
			};
			name = Debug;
		};
		ED2C6BD61CFD64B20019C4D3 /* Release */ = {
			isa = XCBuildConfiguration;
			baseConfigurationReference = E9D06FAD66DA51EFB5B63871 /* Pods-Squashmag.release.xcconfig */;
			buildSettings = {
				ASSETCATALOG_COMPILER_APPICON_NAME = AppIcon;
				INFOPLIST_FILE = Squashmag/Info.plist;
				IPHONEOS_DEPLOYMENT_TARGET = 9.0;
				LD_RUNPATH_SEARCH_PATHS = "$(inherited) @executable_path/Frameworks";
				PRODUCT_BUNDLE_IDENTIFIER = ThePaadamCompany.Squashmag;
				PRODUCT_NAME = "$(TARGET_NAME)";
				TARGETED_DEVICE_FAMILY = 1;
			};
			name = Release;
		};
/* End XCBuildConfiguration section */

/* Begin XCConfigurationList section */
		ED2C6BB51CFD64B20019C4D3 /* Build configuration list for PBXProject "Squashmag" */ = {
			isa = XCConfigurationList;
			buildConfigurations = (
				ED2C6BD21CFD64B20019C4D3 /* Debug */,
				ED2C6BD31CFD64B20019C4D3 /* Release */,
			);
			defaultConfigurationIsVisible = 0;
			defaultConfigurationName = Release;
		};
		ED2C6BD41CFD64B20019C4D3 /* Build configuration list for PBXNativeTarget "Squashmag" */ = {
			isa = XCConfigurationList;
			buildConfigurations = (
				ED2C6BD51CFD64B20019C4D3 /* Debug */,
				ED2C6BD61CFD64B20019C4D3 /* Release */,
			);
			defaultConfigurationIsVisible = 0;
			defaultConfigurationName = Release;
		};
/* End XCConfigurationList section */

/* Begin XCVersionGroup section */
		ED2C6BC91CFD64B20019C4D3 /* Squashmag.xcdatamodeld */ = {
			isa = XCVersionGroup;
			children = (
				ED2C6BCA1CFD64B20019C4D3 /* Squashmag.xcdatamodel */,
			);
			currentVersion = ED2C6BCA1CFD64B20019C4D3 /* Squashmag.xcdatamodel */;
			path = Squashmag.xcdatamodeld;
			sourceTree = "<group>";
			versionGroupType = wrapper.xcdatamodel;
		};
/* End XCVersionGroup section */
	};
	rootObject = ED2C6BB21CFD64B20019C4D3 /* Project object */;
}
